
Microsoft Visual Studio Solution File, Format Version 12.00
# Visual Studio Version 17
VisualStudioVersion = 17.4.33103.184
MinimumVisualStudioVersion = 10.0.40219.1
Project("{9A19103F-16F7-4668-BE54-9A1E7A4F7556}") = "S_BAD", "SOLID\S_BAD.csproj", "{5AF794DD-2538-4D72-81D9-8312C9872D6F}"
EndProject
Project("{2150E333-8FDC-42A3-9474-1A3956D46DE8}") = "1 S", "1 S", "{9103C38D-1621-4BF7-9D6E-ECA46D24B031}"
EndProject
Project("{9A19103F-16F7-4668-BE54-9A1E7A4F7556}") = "S_GOOD", "S_GOOD\S_GOOD.csproj", "{EA4E5270-16F2-4843-A8C4-679DBD00D3DC}"
EndProject
Project("{2150E333-8FDC-42A3-9474-1A3956D46DE8}") = "2 O", "2 O", "{AB602F27-EEEE-4168-B632-934A636C4B27}"
EndProject
Project("{9A19103F-16F7-4668-BE54-9A1E7A4F7556}") = "O_BAD", "O_BAD\O_BAD.csproj", "{0D70F51A-F6D0-4F9A-AB06-0CF68C42D18C}"
EndProject
Project("{9A19103F-16F7-4668-BE54-9A1E7A4F7556}") = "O_GOOD", "O_GOOD\O_GOOD.csproj", "{66CDAC5D-1F56-4465-A254-7430FE93DAB1}"
EndProject
Project("{9A19103F-16F7-4668-BE54-9A1E7A4F7556}") = "L_BAD", "3 L\L_BAD.csproj", "{E15E4268-887A-405A-9203-5C329646AA66}"
EndProject
Project("{9A19103F-16F7-4668-BE54-9A1E7A4F7556}") = "I_BAD", "4 I\I_BAD.csproj", "{C1777284-7C07-463C-A793-9B0CA79E4EEF}"
EndProject
Project("{9A19103F-16F7-4668-BE54-9A1E7A4F7556}") = "D_BAD", "5 D\D_BAD.csproj", "{9EF1045F-993D-48F7-A8EB-2C7679BCE730}"
EndProject
Project("{2150E333-8FDC-42A3-9474-1A3956D46DE8}") = "3 L", "3 L", "{C6B5562F-94C5-4083-81DA-AE2083386122}"
EndProject
Project("{2150E333-8FDC-42A3-9474-1A3956D46DE8}") = "4 I", "4 I", "{37CA771A-9530-4CB4-B028-6E30E69B7689}"
EndProject
Project("{2150E333-8FDC-42A3-9474-1A3956D46DE8}") = "5 D", "5 D", "{2F7E1EA9-EFD1-4FE7-A9BF-6C3FEFE017CB}"
EndProject
Project("{FAE04EC0-301F-11D3-BF4B-00C04F79EFBC}") = "L_GOOD", "L_GOOD\L_GOOD.csproj", "{EB4C6884-7CC8-4E43-898B-5BC507333F44}"
EndProject
Project("{FAE04EC0-301F-11D3-BF4B-00C04F79EFBC}") = "I_GOOD", "I_GOOD\I_GOOD.csproj", "{0B9A9AA9-0A7A-46C2-8868-41053E41D357}"
EndProject
Project("{FAE04EC0-301F-11D3-BF4B-00C04F79EFBC}") = "D_GOOD", "D_GOOD\D_GOOD.csproj", "{15E2021F-8617-45AA-8E4B-8585CD1BDDAB}"
EndProject
Global
	GlobalSection(SolutionConfigurationPlatforms) = preSolution
		Debug|Any CPU = Debug|Any CPU
		Release|Any CPU = Release|Any CPU
	EndGlobalSection
	GlobalSection(ProjectConfigurationPlatforms) = postSolution
		{5AF794DD-2538-4D72-81D9-8312C9872D6F}.Debug|Any CPU.ActiveCfg = Debug|Any CPU
		{5AF794DD-2538-4D72-81D9-8312C9872D6F}.Debug|Any CPU.Build.0 = Debug|Any CPU
		{5AF794DD-2538-4D72-81D9-8312C9872D6F}.Release|Any CPU.ActiveCfg = Release|Any CPU
		{5AF794DD-2538-4D72-81D9-8312C9872D6F}.Release|Any CPU.Build.0 = Release|Any CPU
		{EA4E5270-16F2-4843-A8C4-679DBD00D3DC}.Debug|Any CPU.ActiveCfg = Debug|Any CPU
		{EA4E5270-16F2-4843-A8C4-679DBD00D3DC}.Debug|Any CPU.Build.0 = Debug|Any CPU
		{EA4E5270-16F2-4843-A8C4-679DBD00D3DC}.Release|Any CPU.ActiveCfg = Release|Any CPU
		{EA4E5270-16F2-4843-A8C4-679DBD00D3DC}.Release|Any CPU.Build.0 = Release|Any CPU
		{0D70F51A-F6D0-4F9A-AB06-0CF68C42D18C}.Debug|Any CPU.ActiveCfg = Debug|Any CPU
		{0D70F51A-F6D0-4F9A-AB06-0CF68C42D18C}.Debug|Any CPU.Build.0 = Debug|Any CPU
		{0D70F51A-F6D0-4F9A-AB06-0CF68C42D18C}.Release|Any CPU.ActiveCfg = Release|Any CPU
		{0D70F51A-F6D0-4F9A-AB06-0CF68C42D18C}.Release|Any CPU.Build.0 = Release|Any CPU
		{66CDAC5D-1F56-4465-A254-7430FE93DAB1}.Debug|Any CPU.ActiveCfg = Debug|Any CPU
		{66CDAC5D-1F56-4465-A254-7430FE93DAB1}.Debug|Any CPU.Build.0 = Debug|Any CPU
		{66CDAC5D-1F56-4465-A254-7430FE93DAB1}.Release|Any CPU.ActiveCfg = Release|Any CPU
		{66CDAC5D-1F56-4465-A254-7430FE93DAB1}.Release|Any CPU.Build.0 = Release|Any CPU
		{E15E4268-887A-405A-9203-5C329646AA66}.Debug|Any CPU.ActiveCfg = Debug|Any CPU
		{E15E4268-887A-405A-9203-5C329646AA66}.Debug|Any CPU.Build.0 = Debug|Any CPU
		{E15E4268-887A-405A-9203-5C329646AA66}.Release|Any CPU.ActiveCfg = Release|Any CPU
		{E15E4268-887A-405A-9203-5C329646AA66}.Release|Any CPU.Build.0 = Release|Any CPU
		{C1777284-7C07-463C-A793-9B0CA79E4EEF}.Debug|Any CPU.ActiveCfg = Debug|Any CPU
		{C1777284-7C07-463C-A793-9B0CA79E4EEF}.Debug|Any CPU.Build.0 = Debug|Any CPU
		{C1777284-7C07-463C-A793-9B0CA79E4EEF}.Release|Any CPU.ActiveCfg = Release|Any CPU
		{C1777284-7C07-463C-A793-9B0CA79E4EEF}.Release|Any CPU.Build.0 = Release|Any CPU
		{9EF1045F-993D-48F7-A8EB-2C7679BCE730}.Debug|Any CPU.ActiveCfg = Debug|Any CPU
		{9EF1045F-993D-48F7-A8EB-2C7679BCE730}.Debug|Any CPU.Build.0 = Debug|Any CPU
		{9EF1045F-993D-48F7-A8EB-2C7679BCE730}.Release|Any CPU.ActiveCfg = Release|Any CPU
		{9EF1045F-993D-48F7-A8EB-2C7679BCE730}.Release|Any CPU.Build.0 = Release|Any CPU
		{EB4C6884-7CC8-4E43-898B-5BC507333F44}.Debug|Any CPU.ActiveCfg = Debug|Any CPU
		{EB4C6884-7CC8-4E43-898B-5BC507333F44}.Debug|Any CPU.Build.0 = Debug|Any CPU
		{EB4C6884-7CC8-4E43-898B-5BC507333F44}.Release|Any CPU.ActiveCfg = Release|Any CPU
		{EB4C6884-7CC8-4E43-898B-5BC507333F44}.Release|Any CPU.Build.0 = Release|Any CPU
		{0B9A9AA9-0A7A-46C2-8868-41053E41D357}.Debug|Any CPU.ActiveCfg = Debug|Any CPU
		{0B9A9AA9-0A7A-46C2-8868-41053E41D357}.Debug|Any CPU.Build.0 = Debug|Any CPU
		{0B9A9AA9-0A7A-46C2-8868-41053E41D357}.Release|Any CPU.ActiveCfg = Release|Any CPU
		{0B9A9AA9-0A7A-46C2-8868-41053E41D357}.Release|Any CPU.Build.0 = Release|Any CPU
		{15E2021F-8617-45AA-8E4B-8585CD1BDDAB}.Debug|Any CPU.ActiveCfg = Debug|Any CPU
		{15E2021F-8617-45AA-8E4B-8585CD1BDDAB}.Debug|Any CPU.Build.0 = Debug|Any CPU
		{15E2021F-8617-45AA-8E4B-8585CD1BDDAB}.Release|Any CPU.ActiveCfg = Release|Any CPU
		{15E2021F-8617-45AA-8E4B-8585CD1BDDAB}.Release|Any CPU.Build.0 = Release|Any CPU
	EndGlobalSection
	GlobalSection(SolutionProperties) = preSolution
		HideSolutionNode = FALSE
	EndGlobalSection
	GlobalSection(NestedProjects) = preSolution
		{5AF794DD-2538-4D72-81D9-8312C9872D6F} = {9103C38D-1621-4BF7-9D6E-ECA46D24B031}
		{EA4E5270-16F2-4843-A8C4-679DBD00D3DC} = {9103C38D-1621-4BF7-9D6E-ECA46D24B031}
		{0D70F51A-F6D0-4F9A-AB06-0CF68C42D18C} = {AB602F27-EEEE-4168-B632-934A636C4B27}
		{66CDAC5D-1F56-4465-A254-7430FE93DAB1} = {AB602F27-EEEE-4168-B632-934A636C4B27}
		{E15E4268-887A-405A-9203-5C329646AA66} = {C6B5562F-94C5-4083-81DA-AE2083386122}
		{C1777284-7C07-463C-A793-9B0CA79E4EEF} = {37CA771A-9530-4CB4-B028-6E30E69B7689}
		{9EF1045F-993D-48F7-A8EB-2C7679BCE730} = {2F7E1EA9-EFD1-4FE7-A9BF-6C3FEFE017CB}
		{EB4C6884-7CC8-4E43-898B-5BC507333F44} = {C6B5562F-94C5-4083-81DA-AE2083386122}
		{0B9A9AA9-0A7A-46C2-8868-41053E41D357} = {37CA771A-9530-4CB4-B028-6E30E69B7689}
		{15E2021F-8617-45AA-8E4B-8585CD1BDDAB} = {2F7E1EA9-EFD1-4FE7-A9BF-6C3FEFE017CB}
	EndGlobalSection
	GlobalSection(ExtensibilityGlobals) = postSolution
		SolutionGuid = {30DD8F61-E61A-4D06-ADEC-270B6B5E5F90}
	EndGlobalSection
EndGlobal
